// !$*UTF8*$!
{
	archiveVersion = 1;
	classes = {
	};
	objectVersion = 56;
	objects = {

/* Begin PBXBuildFile section */
		5511B21929AF5F02000B4B13 /* AppDelegate.swift in Sources */ = {isa = PBXBuildFile; fileRef = 5511B21829AF5F02000B4B13 /* AppDelegate.swift */; };
		5511B21B29AF5F02000B4B13 /* SceneDelegate.swift in Sources */ = {isa = PBXBuildFile; fileRef = 5511B21A29AF5F02000B4B13 /* SceneDelegate.swift */; };
		5511B22029AF5F02000B4B13 /* Main.storyboard in Resources */ = {isa = PBXBuildFile; fileRef = 5511B21E29AF5F02000B4B13 /* Main.storyboard */; };
		5511B22229AF5F03000B4B13 /* Assets.xcassets in Resources */ = {isa = PBXBuildFile; fileRef = 5511B22129AF5F03000B4B13 /* Assets.xcassets */; };
		5511B22529AF5F03000B4B13 /* LaunchScreen.storyboard in Resources */ = {isa = PBXBuildFile; fileRef = 5511B22329AF5F03000B4B13 /* LaunchScreen.storyboard */; };
		5511B23029AF5F04000B4B13 /* Breadfast_postsTests.swift in Sources */ = {isa = PBXBuildFile; fileRef = 5511B22F29AF5F04000B4B13 /* Breadfast_postsTests.swift */; };
		5511B23A29AF5F04000B4B13 /* Breadfast_postsUITests.swift in Sources */ = {isa = PBXBuildFile; fileRef = 5511B23929AF5F04000B4B13 /* Breadfast_postsUITests.swift */; };
		5511B23C29AF5F04000B4B13 /* Breadfast_postsUITestsLaunchTests.swift in Sources */ = {isa = PBXBuildFile; fileRef = 5511B23B29AF5F04000B4B13 /* Breadfast_postsUITestsLaunchTests.swift */; };
		554679C229AF615E001AFF98 /* ArchitectureComponents in Frameworks */ = {isa = PBXBuildFile; productRef = 554679C129AF615E001AFF98 /* ArchitectureComponents */; };
		554679C429AF615E001AFF98 /* Extensions in Frameworks */ = {isa = PBXBuildFile; productRef = 554679C329AF615E001AFF98 /* Extensions */; };
		554679C729AF61DD001AFF98 /* DataLayer in Frameworks */ = {isa = PBXBuildFile; productRef = 554679C629AF61DD001AFF98 /* DataLayer */; };
		55B1FF5B29AF808900A5DB4E /* AppEnvironment.swift in Sources */ = {isa = PBXBuildFile; fileRef = 55B1FF5A29AF808900A5DB4E /* AppEnvironment.swift */; };
		55B1FF6029AF820B00A5DB4E /* MainCoordinator.swift in Sources */ = {isa = PBXBuildFile; fileRef = 55B1FF5F29AF820B00A5DB4E /* MainCoordinator.swift */; };
		55B1FF6529AF855F00A5DB4E /* PostsListViewController.swift in Sources */ = {isa = PBXBuildFile; fileRef = 55B1FF6429AF855F00A5DB4E /* PostsListViewController.swift */; };
		55B1FF6729AF862C00A5DB4E /* PostsListViewModel.swift in Sources */ = {isa = PBXBuildFile; fileRef = 55B1FF6629AF862C00A5DB4E /* PostsListViewModel.swift */; };
		55B1FF6929AF875E00A5DB4E /* PostsListCell.swift in Sources */ = {isa = PBXBuildFile; fileRef = 55B1FF6829AF875E00A5DB4E /* PostsListCell.swift */; };
		55B1FF6B29AF885100A5DB4E /* PostsListCell.xib in Resources */ = {isa = PBXBuildFile; fileRef = 55B1FF6A29AF885100A5DB4E /* PostsListCell.xib */; };
		55B1FF7029AF8A5000A5DB4E /* NoContentView.swift in Sources */ = {isa = PBXBuildFile; fileRef = 55B1FF6F29AF8A5000A5DB4E /* NoContentView.swift */; };
		55B1FF7229AF8B2200A5DB4E /* NoContentView.xib in Resources */ = {isa = PBXBuildFile; fileRef = 55B1FF7129AF8B2200A5DB4E /* NoContentView.xib */; };
		55B1FF7429AF8FFA00A5DB4E /* PostsListAssembly.swift in Sources */ = {isa = PBXBuildFile; fileRef = 55B1FF7329AF8FFA00A5DB4E /* PostsListAssembly.swift */; };
		55B1FF7629AF904300A5DB4E /* UIStoryboard+Extensions.swift in Sources */ = {isa = PBXBuildFile; fileRef = 55B1FF7529AF904300A5DB4E /* UIStoryboard+Extensions.swift */; };
		55B1FF7829AF908600A5DB4E /* DependencyFactory.swift in Sources */ = {isa = PBXBuildFile; fileRef = 55B1FF7729AF908600A5DB4E /* DependencyFactory.swift */; };
		55B1FF7A29AF9B1800A5DB4E /* GenericTableViewDataSource.swift in Sources */ = {isa = PBXBuildFile; fileRef = 55B1FF7929AF9B1800A5DB4E /* GenericTableViewDataSource.swift */; };
/* End PBXBuildFile section */

/* Begin PBXContainerItemProxy section */
		5511B22C29AF5F04000B4B13 /* PBXContainerItemProxy */ = {
			isa = PBXContainerItemProxy;
			containerPortal = 5511B20D29AF5F02000B4B13 /* Project object */;
			proxyType = 1;
			remoteGlobalIDString = 5511B21429AF5F02000B4B13;
			remoteInfo = Breadfast_posts;
		};
		5511B23629AF5F04000B4B13 /* PBXContainerItemProxy */ = {
			isa = PBXContainerItemProxy;
			containerPortal = 5511B20D29AF5F02000B4B13 /* Project object */;
			proxyType = 1;
			remoteGlobalIDString = 5511B21429AF5F02000B4B13;
			remoteInfo = Breadfast_posts;
		};
/* End PBXContainerItemProxy section */

/* Begin PBXFileReference section */
		5511B21529AF5F02000B4B13 /* Breadfast_posts.app */ = {isa = PBXFileReference; explicitFileType = wrapper.application; includeInIndex = 0; path = Breadfast_posts.app; sourceTree = BUILT_PRODUCTS_DIR; };
		5511B21829AF5F02000B4B13 /* AppDelegate.swift */ = {isa = PBXFileReference; lastKnownFileType = sourcecode.swift; path = AppDelegate.swift; sourceTree = "<group>"; };
		5511B21A29AF5F02000B4B13 /* SceneDelegate.swift */ = {isa = PBXFileReference; lastKnownFileType = sourcecode.swift; path = SceneDelegate.swift; sourceTree = "<group>"; };
		5511B21F29AF5F02000B4B13 /* Base */ = {isa = PBXFileReference; lastKnownFileType = file.storyboard; name = Base; path = Base.lproj/Main.storyboard; sourceTree = "<group>"; };
		5511B22129AF5F03000B4B13 /* Assets.xcassets */ = {isa = PBXFileReference; lastKnownFileType = folder.assetcatalog; path = Assets.xcassets; sourceTree = "<group>"; };
		5511B22429AF5F03000B4B13 /* Base */ = {isa = PBXFileReference; lastKnownFileType = file.storyboard; name = Base; path = Base.lproj/LaunchScreen.storyboard; sourceTree = "<group>"; };
		5511B22629AF5F03000B4B13 /* Info.plist */ = {isa = PBXFileReference; lastKnownFileType = text.plist.xml; path = Info.plist; sourceTree = "<group>"; };
		5511B22B29AF5F04000B4B13 /* Breadfast_postsTests.xctest */ = {isa = PBXFileReference; explicitFileType = wrapper.cfbundle; includeInIndex = 0; path = Breadfast_postsTests.xctest; sourceTree = BUILT_PRODUCTS_DIR; };
		5511B22F29AF5F04000B4B13 /* Breadfast_postsTests.swift */ = {isa = PBXFileReference; lastKnownFileType = sourcecode.swift; path = Breadfast_postsTests.swift; sourceTree = "<group>"; };
		5511B23529AF5F04000B4B13 /* Breadfast_postsUITests.xctest */ = {isa = PBXFileReference; explicitFileType = wrapper.cfbundle; includeInIndex = 0; path = Breadfast_postsUITests.xctest; sourceTree = BUILT_PRODUCTS_DIR; };
		5511B23929AF5F04000B4B13 /* Breadfast_postsUITests.swift */ = {isa = PBXFileReference; lastKnownFileType = sourcecode.swift; path = Breadfast_postsUITests.swift; sourceTree = "<group>"; };
		5511B23B29AF5F04000B4B13 /* Breadfast_postsUITestsLaunchTests.swift */ = {isa = PBXFileReference; lastKnownFileType = sourcecode.swift; path = Breadfast_postsUITestsLaunchTests.swift; sourceTree = "<group>"; };
		554679BE29AF6133001AFF98 /* ArchitectureComponents */ = {isa = PBXFileReference; lastKnownFileType = wrapper; name = ArchitectureComponents; path = ../local_packages/ArchitectureComponents; sourceTree = "<group>"; };
		554679BF29AF6146001AFF98 /* Extensions */ = {isa = PBXFileReference; lastKnownFileType = wrapper; name = Extensions; path = ../local_packages/Extensions; sourceTree = "<group>"; };
		554679C529AF61D4001AFF98 /* DataLayer */ = {isa = PBXFileReference; lastKnownFileType = wrapper; name = DataLayer; path = ../local_packages/DataLayer; sourceTree = "<group>"; };
		55B1FF5929AF802000A5DB4E /* Config.xcconfig */ = {isa = PBXFileReference; lastKnownFileType = text.xcconfig; path = Config.xcconfig; sourceTree = "<group>"; };
		55B1FF5A29AF808900A5DB4E /* AppEnvironment.swift */ = {isa = PBXFileReference; lastKnownFileType = sourcecode.swift; path = AppEnvironment.swift; sourceTree = "<group>"; };
		55B1FF5F29AF820B00A5DB4E /* MainCoordinator.swift */ = {isa = PBXFileReference; lastKnownFileType = sourcecode.swift; path = MainCoordinator.swift; sourceTree = "<group>"; };
		55B1FF6429AF855F00A5DB4E /* PostsListViewController.swift */ = {isa = PBXFileReference; lastKnownFileType = sourcecode.swift; path = PostsListViewController.swift; sourceTree = "<group>"; };
		55B1FF6629AF862C00A5DB4E /* PostsListViewModel.swift */ = {isa = PBXFileReference; lastKnownFileType = sourcecode.swift; path = PostsListViewModel.swift; sourceTree = "<group>"; };
		55B1FF6829AF875E00A5DB4E /* PostsListCell.swift */ = {isa = PBXFileReference; lastKnownFileType = sourcecode.swift; path = PostsListCell.swift; sourceTree = "<group>"; };
		55B1FF6A29AF885100A5DB4E /* PostsListCell.xib */ = {isa = PBXFileReference; lastKnownFileType = file.xib; path = PostsListCell.xib; sourceTree = "<group>"; };
		55B1FF6F29AF8A5000A5DB4E /* NoContentView.swift */ = {isa = PBXFileReference; lastKnownFileType = sourcecode.swift; path = NoContentView.swift; sourceTree = "<group>"; };
		55B1FF7129AF8B2200A5DB4E /* NoContentView.xib */ = {isa = PBXFileReference; lastKnownFileType = file.xib; path = NoContentView.xib; sourceTree = "<group>"; };
		55B1FF7329AF8FFA00A5DB4E /* PostsListAssembly.swift */ = {isa = PBXFileReference; lastKnownFileType = sourcecode.swift; path = PostsListAssembly.swift; sourceTree = "<group>"; };
		55B1FF7529AF904300A5DB4E /* UIStoryboard+Extensions.swift */ = {isa = PBXFileReference; lastKnownFileType = sourcecode.swift; path = "UIStoryboard+Extensions.swift"; sourceTree = "<group>"; };
		55B1FF7729AF908600A5DB4E /* DependencyFactory.swift */ = {isa = PBXFileReference; lastKnownFileType = sourcecode.swift; path = DependencyFactory.swift; sourceTree = "<group>"; };
		55B1FF7929AF9B1800A5DB4E /* GenericTableViewDataSource.swift */ = {isa = PBXFileReference; lastKnownFileType = sourcecode.swift; path = GenericTableViewDataSource.swift; sourceTree = "<group>"; };
/* End PBXFileReference section */

/* Begin PBXFrameworksBuildPhase section */
		5511B21229AF5F02000B4B13 /* Frameworks */ = {
			isa = PBXFrameworksBuildPhase;
			buildActionMask = 2147483647;
			files = (
				554679C429AF615E001AFF98 /* Extensions in Frameworks */,
				554679C229AF615E001AFF98 /* ArchitectureComponents in Frameworks */,
				554679C729AF61DD001AFF98 /* DataLayer in Frameworks */,
			);
			runOnlyForDeploymentPostprocessing = 0;
		};
		5511B22829AF5F04000B4B13 /* Frameworks */ = {
			isa = PBXFrameworksBuildPhase;
			buildActionMask = 2147483647;
			files = (
			);
			runOnlyForDeploymentPostprocessing = 0;
		};
		5511B23229AF5F04000B4B13 /* Frameworks */ = {
			isa = PBXFrameworksBuildPhase;
			buildActionMask = 2147483647;
			files = (
			);
			runOnlyForDeploymentPostprocessing = 0;
		};
/* End PBXFrameworksBuildPhase section */

/* Begin PBXGroup section */
		5511B20C29AF5F02000B4B13 = {
			isa = PBXGroup;
			children = (
				554679BD29AF6133001AFF98 /* Packages */,
				5511B21729AF5F02000B4B13 /* Breadfast_posts */,
				5511B22E29AF5F04000B4B13 /* Breadfast_postsTests */,
				5511B23829AF5F04000B4B13 /* Breadfast_postsUITests */,
				5511B21629AF5F02000B4B13 /* Products */,
				554679C029AF615E001AFF98 /* Frameworks */,
			);
			sourceTree = "<group>";
		};
		5511B21629AF5F02000B4B13 /* Products */ = {
			isa = PBXGroup;
			children = (
				5511B21529AF5F02000B4B13 /* Breadfast_posts.app */,
				5511B22B29AF5F04000B4B13 /* Breadfast_postsTests.xctest */,
				5511B23529AF5F04000B4B13 /* Breadfast_postsUITests.xctest */,
			);
			name = Products;
			sourceTree = "<group>";
		};
		5511B21729AF5F02000B4B13 /* Breadfast_posts */ = {
			isa = PBXGroup;
			children = (
				55B1FF6229AF82CB00A5DB4E /* Features */,
				55B1FF5E29AF820000A5DB4E /* Flows */,
				55B1FF5D29AF81EA00A5DB4E /* Resources */,
				55B1FF5C29AF81DE00A5DB4E /* Bootstrap */,
				55B1FF5829AF801400A5DB4E /* Configurations */,
				5511B22629AF5F03000B4B13 /* Info.plist */,
			);
			path = Breadfast_posts;
			sourceTree = "<group>";
		};
		5511B22E29AF5F04000B4B13 /* Breadfast_postsTests */ = {
			isa = PBXGroup;
			children = (
				5511B22F29AF5F04000B4B13 /* Breadfast_postsTests.swift */,
			);
			path = Breadfast_postsTests;
			sourceTree = "<group>";
		};
		5511B23829AF5F04000B4B13 /* Breadfast_postsUITests */ = {
			isa = PBXGroup;
			children = (
				5511B23929AF5F04000B4B13 /* Breadfast_postsUITests.swift */,
				5511B23B29AF5F04000B4B13 /* Breadfast_postsUITestsLaunchTests.swift */,
			);
			path = Breadfast_postsUITests;
			sourceTree = "<group>";
		};
		554679BD29AF6133001AFF98 /* Packages */ = {
			isa = PBXGroup;
			children = (
				554679BE29AF6133001AFF98 /* ArchitectureComponents */,
				554679BF29AF6146001AFF98 /* Extensions */,
				554679C529AF61D4001AFF98 /* DataLayer */,
			);
			name = Packages;
			sourceTree = "<group>";
		};
		554679C029AF615E001AFF98 /* Frameworks */ = {
			isa = PBXGroup;
			children = (
			);
			name = Frameworks;
			sourceTree = "<group>";
		};
		55B1FF5829AF801400A5DB4E /* Configurations */ = {
			isa = PBXGroup;
			children = (
				55B1FF5929AF802000A5DB4E /* Config.xcconfig */,
				55B1FF5A29AF808900A5DB4E /* AppEnvironment.swift */,
			);
			path = Configurations;
			sourceTree = "<group>";
		};
		55B1FF5C29AF81DE00A5DB4E /* Bootstrap */ = {
			isa = PBXGroup;
			children = (
				55B1FF7729AF908600A5DB4E /* DependencyFactory.swift */,
				5511B21829AF5F02000B4B13 /* AppDelegate.swift */,
				5511B21A29AF5F02000B4B13 /* SceneDelegate.swift */,
			);
			path = Bootstrap;
			sourceTree = "<group>";
		};
		55B1FF5D29AF81EA00A5DB4E /* Resources */ = {
			isa = PBXGroup;
			children = (
				5511B21E29AF5F02000B4B13 /* Main.storyboard */,
				5511B22129AF5F03000B4B13 /* Assets.xcassets */,
				5511B22329AF5F03000B4B13 /* LaunchScreen.storyboard */,
			);
			name = Resources;
			sourceTree = "<group>";
		};
		55B1FF5E29AF820000A5DB4E /* Flows */ = {
			isa = PBXGroup;
			children = (
				55B1FF7529AF904300A5DB4E /* UIStoryboard+Extensions.swift */,
				55B1FF5F29AF820B00A5DB4E /* MainCoordinator.swift */,
			);
			path = Flows;
			sourceTree = "<group>";
		};
		55B1FF6229AF82CB00A5DB4E /* Features */ = {
			isa = PBXGroup;
			children = (
				55B1FF7929AF9B1800A5DB4E /* GenericTableViewDataSource.swift */,
				55B1FF6329AF82D200A5DB4E /* All Posts */,
			);
			path = Features;
			sourceTree = "<group>";
		};
		55B1FF6329AF82D200A5DB4E /* All Posts */ = {
			isa = PBXGroup;
			children = (
				55B1FF6E29AF8A4100A5DB4E /* No Content */,
				55B1FF6C29AF894A00A5DB4E /* Cells */,
				55B1FF6429AF855F00A5DB4E /* PostsListViewController.swift */,
				55B1FF6629AF862C00A5DB4E /* PostsListViewModel.swift */,
				55B1FF7329AF8FFA00A5DB4E /* PostsListAssembly.swift */,
			);
			path = "All Posts";
			sourceTree = "<group>";
		};
		55B1FF6C29AF894A00A5DB4E /* Cells */ = {
			isa = PBXGroup;
			children = (
				55B1FF6829AF875E00A5DB4E /* PostsListCell.swift */,
				55B1FF6A29AF885100A5DB4E /* PostsListCell.xib */,
			);
			path = Cells;
			sourceTree = "<group>";
		};
		55B1FF6E29AF8A4100A5DB4E /* No Content */ = {
			isa = PBXGroup;
			children = (
				55B1FF6F29AF8A5000A5DB4E /* NoContentView.swift */,
				55B1FF7129AF8B2200A5DB4E /* NoContentView.xib */,
			);
			path = "No Content";
			sourceTree = "<group>";
		};
/* End PBXGroup section */

/* Begin PBXNativeTarget section */
		5511B21429AF5F02000B4B13 /* Breadfast_posts */ = {
			isa = PBXNativeTarget;
			buildConfigurationList = 5511B23F29AF5F04000B4B13 /* Build configuration list for PBXNativeTarget "Breadfast_posts" */;
			buildPhases = (
				5511B21129AF5F02000B4B13 /* Sources */,
				5511B21229AF5F02000B4B13 /* Frameworks */,
				5511B21329AF5F02000B4B13 /* Resources */,
			);
			buildRules = (
			);
			dependencies = (
			);
			name = Breadfast_posts;
			packageProductDependencies = (
				554679C129AF615E001AFF98 /* ArchitectureComponents */,
				554679C329AF615E001AFF98 /* Extensions */,
				554679C629AF61DD001AFF98 /* DataLayer */,
			);
			productName = Breadfast_posts;
			productReference = 5511B21529AF5F02000B4B13 /* Breadfast_posts.app */;
			productType = "com.apple.product-type.application";
		};
		5511B22A29AF5F04000B4B13 /* Breadfast_postsTests */ = {
			isa = PBXNativeTarget;
			buildConfigurationList = 5511B24229AF5F04000B4B13 /* Build configuration list for PBXNativeTarget "Breadfast_postsTests" */;
			buildPhases = (
				5511B22729AF5F04000B4B13 /* Sources */,
				5511B22829AF5F04000B4B13 /* Frameworks */,
				5511B22929AF5F04000B4B13 /* Resources */,
			);
			buildRules = (
			);
			dependencies = (
				5511B22D29AF5F04000B4B13 /* PBXTargetDependency */,
			);
			name = Breadfast_postsTests;
			productName = Breadfast_postsTests;
			productReference = 5511B22B29AF5F04000B4B13 /* Breadfast_postsTests.xctest */;
			productType = "com.apple.product-type.bundle.unit-test";
		};
		5511B23429AF5F04000B4B13 /* Breadfast_postsUITests */ = {
			isa = PBXNativeTarget;
			buildConfigurationList = 5511B24529AF5F04000B4B13 /* Build configuration list for PBXNativeTarget "Breadfast_postsUITests" */;
			buildPhases = (
				5511B23129AF5F04000B4B13 /* Sources */,
				5511B23229AF5F04000B4B13 /* Frameworks */,
				5511B23329AF5F04000B4B13 /* Resources */,
			);
			buildRules = (
			);
			dependencies = (
				5511B23729AF5F04000B4B13 /* PBXTargetDependency */,
			);
			name = Breadfast_postsUITests;
			productName = Breadfast_postsUITests;
			productReference = 5511B23529AF5F04000B4B13 /* Breadfast_postsUITests.xctest */;
			productType = "com.apple.product-type.bundle.ui-testing";
		};
/* End PBXNativeTarget section */

/* Begin PBXProject section */
		5511B20D29AF5F02000B4B13 /* Project object */ = {
			isa = PBXProject;
			attributes = {
				BuildIndependentTargetsInParallel = 1;
				LastSwiftUpdateCheck = 1420;
				LastUpgradeCheck = 1420;
				TargetAttributes = {
					5511B21429AF5F02000B4B13 = {
						CreatedOnToolsVersion = 14.2;
					};
					5511B22A29AF5F04000B4B13 = {
						CreatedOnToolsVersion = 14.2;
						TestTargetID = 5511B21429AF5F02000B4B13;
					};
					5511B23429AF5F04000B4B13 = {
						CreatedOnToolsVersion = 14.2;
						TestTargetID = 5511B21429AF5F02000B4B13;
					};
				};
			};
			buildConfigurationList = 5511B21029AF5F02000B4B13 /* Build configuration list for PBXProject "Breadfast_posts" */;
			compatibilityVersion = "Xcode 14.0";
			developmentRegion = en;
			hasScannedForEncodings = 0;
			knownRegions = (
				en,
				Base,
			);
			mainGroup = 5511B20C29AF5F02000B4B13;
			productRefGroup = 5511B21629AF5F02000B4B13 /* Products */;
			projectDirPath = "";
			projectRoot = "";
			targets = (
				5511B21429AF5F02000B4B13 /* Breadfast_posts */,
				5511B22A29AF5F04000B4B13 /* Breadfast_postsTests */,
				5511B23429AF5F04000B4B13 /* Breadfast_postsUITests */,
			);
		};
/* End PBXProject section */

/* Begin PBXResourcesBuildPhase section */
		5511B21329AF5F02000B4B13 /* Resources */ = {
			isa = PBXResourcesBuildPhase;
			buildActionMask = 2147483647;
			files = (
				5511B22529AF5F03000B4B13 /* LaunchScreen.storyboard in Resources */,
				55B1FF7229AF8B2200A5DB4E /* NoContentView.xib in Resources */,
				5511B22229AF5F03000B4B13 /* Assets.xcassets in Resources */,
				5511B22029AF5F02000B4B13 /* Main.storyboard in Resources */,
				55B1FF6B29AF885100A5DB4E /* PostsListCell.xib in Resources */,
			);
			runOnlyForDeploymentPostprocessing = 0;
		};
		5511B22929AF5F04000B4B13 /* Resources */ = {
			isa = PBXResourcesBuildPhase;
			buildActionMask = 2147483647;
			files = (
			);
			runOnlyForDeploymentPostprocessing = 0;
		};
		5511B23329AF5F04000B4B13 /* Resources */ = {
			isa = PBXResourcesBuildPhase;
			buildActionMask = 2147483647;
			files = (
			);
			runOnlyForDeploymentPostprocessing = 0;
		};
/* End PBXResourcesBuildPhase section */

/* Begin PBXSourcesBuildPhase section */
		5511B21129AF5F02000B4B13 /* Sources */ = {
			isa = PBXSourcesBuildPhase;
			buildActionMask = 2147483647;
			files = (
				55B1FF6529AF855F00A5DB4E /* PostsListViewController.swift in Sources */,
				55B1FF7829AF908600A5DB4E /* DependencyFactory.swift in Sources */,
				55B1FF7029AF8A5000A5DB4E /* NoContentView.swift in Sources */,
				55B1FF7429AF8FFA00A5DB4E /* PostsListAssembly.swift in Sources */,
				55B1FF7A29AF9B1800A5DB4E /* GenericTableViewDataSource.swift in Sources */,
				55B1FF5B29AF808900A5DB4E /* AppEnvironment.swift in Sources */,
				55B1FF6929AF875E00A5DB4E /* PostsListCell.swift in Sources */,
				5511B21929AF5F02000B4B13 /* AppDelegate.swift in Sources */,
				55B1FF6029AF820B00A5DB4E /* MainCoordinator.swift in Sources */,
				55B1FF6729AF862C00A5DB4E /* PostsListViewModel.swift in Sources */,
				55B1FF7629AF904300A5DB4E /* UIStoryboard+Extensions.swift in Sources */,
				5511B21B29AF5F02000B4B13 /* SceneDelegate.swift in Sources */,
			);
			runOnlyForDeploymentPostprocessing = 0;
		};
		5511B22729AF5F04000B4B13 /* Sources */ = {
			isa = PBXSourcesBuildPhase;
			buildActionMask = 2147483647;
			files = (
				5511B23029AF5F04000B4B13 /* Breadfast_postsTests.swift in Sources */,
			);
			runOnlyForDeploymentPostprocessing = 0;
		};
		5511B23129AF5F04000B4B13 /* Sources */ = {
			isa = PBXSourcesBuildPhase;
			buildActionMask = 2147483647;
			files = (
				5511B23A29AF5F04000B4B13 /* Breadfast_postsUITests.swift in Sources */,
				5511B23C29AF5F04000B4B13 /* Breadfast_postsUITestsLaunchTests.swift in Sources */,
			);
			runOnlyForDeploymentPostprocessing = 0;
		};
/* End PBXSourcesBuildPhase section */

/* Begin PBXTargetDependency section */
		5511B22D29AF5F04000B4B13 /* PBXTargetDependency */ = {
			isa = PBXTargetDependency;
			target = 5511B21429AF5F02000B4B13 /* Breadfast_posts */;
			targetProxy = 5511B22C29AF5F04000B4B13 /* PBXContainerItemProxy */;
		};
		5511B23729AF5F04000B4B13 /* PBXTargetDependency */ = {
			isa = PBXTargetDependency;
			target = 5511B21429AF5F02000B4B13 /* Breadfast_posts */;
			targetProxy = 5511B23629AF5F04000B4B13 /* PBXContainerItemProxy */;
		};
/* End PBXTargetDependency section */

/* Begin PBXVariantGroup section */
		5511B21E29AF5F02000B4B13 /* Main.storyboard */ = {
			isa = PBXVariantGroup;
			children = (
				5511B21F29AF5F02000B4B13 /* Base */,
			);
			name = Main.storyboard;
			sourceTree = "<group>";
		};
		5511B22329AF5F03000B4B13 /* LaunchScreen.storyboard */ = {
			isa = PBXVariantGroup;
			children = (
				5511B22429AF5F03000B4B13 /* Base */,
			);
			name = LaunchScreen.storyboard;
			sourceTree = "<group>";
		};
/* End PBXVariantGroup section */

/* Begin XCBuildConfiguration section */
		5511B23D29AF5F04000B4B13 /* Debug */ = {
			isa = XCBuildConfiguration;
			baseConfigurationReference = 55B1FF5929AF802000A5DB4E /* Config.xcconfig */;
			buildSettings = {
				ALWAYS_SEARCH_USER_PATHS = NO;
				CLANG_ANALYZER_NONNULL = YES;
				CLANG_ANALYZER_NUMBER_OBJECT_CONVERSION = YES_AGGRESSIVE;
				CLANG_CXX_LANGUAGE_STANDARD = "gnu++20";
				CLANG_ENABLE_MODULES = YES;
				CLANG_ENABLE_OBJC_ARC = YES;
				CLANG_ENABLE_OBJC_WEAK = YES;
				CLANG_WARN_BLOCK_CAPTURE_AUTORELEASING = YES;
				CLANG_WARN_BOOL_CONVERSION = YES;
				CLANG_WARN_COMMA = YES;
				CLANG_WARN_CONSTANT_CONVERSION = YES;
				CLANG_WARN_DEPRECATED_OBJC_IMPLEMENTATIONS = YES;
				CLANG_WARN_DIRECT_OBJC_ISA_USAGE = YES_ERROR;
				CLANG_WARN_DOCUMENTATION_COMMENTS = YES;
				CLANG_WARN_EMPTY_BODY = YES;
				CLANG_WARN_ENUM_CONVERSION = YES;
				CLANG_WARN_INFINITE_RECURSION = YES;
				CLANG_WARN_INT_CONVERSION = YES;
				CLANG_WARN_NON_LITERAL_NULL_CONVERSION = YES;
				CLANG_WARN_OBJC_IMPLICIT_RETAIN_SELF = YES;
				CLANG_WARN_OBJC_LITERAL_CONVERSION = YES;
				CLANG_WARN_OBJC_ROOT_CLASS = YES_ERROR;
				CLANG_WARN_QUOTED_INCLUDE_IN_FRAMEWORK_HEADER = YES;
				CLANG_WARN_RANGE_LOOP_ANALYSIS = YES;
				CLANG_WARN_STRICT_PROTOTYPES = YES;
				CLANG_WARN_SUSPICIOUS_MOVE = YES;
				CLANG_WARN_UNGUARDED_AVAILABILITY = YES_AGGRESSIVE;
				CLANG_WARN_UNREACHABLE_CODE = YES;
				CLANG_WARN__DUPLICATE_METHOD_MATCH = YES;
				COPY_PHASE_STRIP = NO;
				DEBUG_INFORMATION_FORMAT = dwarf;
				ENABLE_STRICT_OBJC_MSGSEND = YES;
				ENABLE_TESTABILITY = YES;
				GCC_C_LANGUAGE_STANDARD = gnu11;
				GCC_DYNAMIC_NO_PIC = NO;
				GCC_NO_COMMON_BLOCKS = YES;
				GCC_OPTIMIZATION_LEVEL = 0;
				GCC_PREPROCESSOR_DEFINITIONS = (
					"DEBUG=1",
					"$(inherited)",
				);
				GCC_WARN_64_TO_32_BIT_CONVERSION = YES;
				GCC_WARN_ABOUT_RETURN_TYPE = YES_ERROR;
				GCC_WARN_UNDECLARED_SELECTOR = YES;
				GCC_WARN_UNINITIALIZED_AUTOS = YES_AGGRESSIVE;
				GCC_WARN_UNUSED_FUNCTION = YES;
				GCC_WARN_UNUSED_VARIABLE = YES;
				IPHONEOS_DEPLOYMENT_TARGET = 16.2;
				MTL_ENABLE_DEBUG_INFO = INCLUDE_SOURCE;
				MTL_FAST_MATH = YES;
				ONLY_ACTIVE_ARCH = YES;
				SDKROOT = iphoneos;
				SWIFT_ACTIVE_COMPILATION_CONDITIONS = DEBUG;
				SWIFT_OPTIMIZATION_LEVEL = "-Onone";
			};
			name = Debug;
		};
		5511B23E29AF5F04000B4B13 /* Release */ = {
			isa = XCBuildConfiguration;
			baseConfigurationReference = 55B1FF5929AF802000A5DB4E /* Config.xcconfig */;
			buildSettings = {
				ALWAYS_SEARCH_USER_PATHS = NO;
				CLANG_ANALYZER_NONNULL = YES;
				CLANG_ANALYZER_NUMBER_OBJECT_CONVERSION = YES_AGGRESSIVE;
				CLANG_CXX_LANGUAGE_STANDARD = "gnu++20";
				CLANG_ENABLE_MODULES = YES;
				CLANG_ENABLE_OBJC_ARC = YES;
				CLANG_ENABLE_OBJC_WEAK = YES;
				CLANG_WARN_BLOCK_CAPTURE_AUTORELEASING = YES;
				CLANG_WARN_BOOL_CONVERSION = YES;
				CLANG_WARN_COMMA = YES;
				CLANG_WARN_CONSTANT_CONVERSION = YES;
				CLANG_WARN_DEPRECATED_OBJC_IMPLEMENTATIONS = YES;
				CLANG_WARN_DIRECT_OBJC_ISA_USAGE = YES_ERROR;
				CLANG_WARN_DOCUMENTATION_COMMENTS = YES;
				CLANG_WARN_EMPTY_BODY = YES;
				CLANG_WARN_ENUM_CONVERSION = YES;
				CLANG_WARN_INFINITE_RECURSION = YES;
				CLANG_WARN_INT_CONVERSION = YES;
				CLANG_WARN_NON_LITERAL_NULL_CONVERSION = YES;
				CLANG_WARN_OBJC_IMPLICIT_RETAIN_SELF = YES;
				CLANG_WARN_OBJC_LITERAL_CONVERSION = YES;
				CLANG_WARN_OBJC_ROOT_CLASS = YES_ERROR;
				CLANG_WARN_QUOTED_INCLUDE_IN_FRAMEWORK_HEADER = YES;
				CLANG_WARN_RANGE_LOOP_ANALYSIS = YES;
				CLANG_WARN_STRICT_PROTOTYPES = YES;
				CLANG_WARN_SUSPICIOUS_MOVE = YES;
				CLANG_WARN_UNGUARDED_AVAILABILITY = YES_AGGRESSIVE;
				CLANG_WARN_UNREACHABLE_CODE = YES;
				CLANG_WARN__DUPLICATE_METHOD_MATCH = YES;
				COPY_PHASE_STRIP = NO;
				DEBUG_INFORMATION_FORMAT = "dwarf-with-dsym";
				ENABLE_NS_ASSERTIONS = NO;
				ENABLE_STRICT_OBJC_MSGSEND = YES;
				GCC_C_LANGUAGE_STANDARD = gnu11;
				GCC_NO_COMMON_BLOCKS = YES;
				GCC_WARN_64_TO_32_BIT_CONVERSION = YES;
				GCC_WARN_ABOUT_RETURN_TYPE = YES_ERROR;
				GCC_WARN_UNDECLARED_SELECTOR = YES;
				GCC_WARN_UNINITIALIZED_AUTOS = YES_AGGRESSIVE;
				GCC_WARN_UNUSED_FUNCTION = YES;
				GCC_WARN_UNUSED_VARIABLE = YES;
				IPHONEOS_DEPLOYMENT_TARGET = 16.2;
				MTL_ENABLE_DEBUG_INFO = NO;
				MTL_FAST_MATH = YES;
				SDKROOT = iphoneos;
				SWIFT_COMPILATION_MODE = wholemodule;
				SWIFT_OPTIMIZATION_LEVEL = "-O";
				VALIDATE_PRODUCT = YES;
			};
			name = Release;
		};
		5511B24029AF5F04000B4B13 /* Debug */ = {
			isa = XCBuildConfiguration;
			buildSettings = {
				ASSETCATALOG_COMPILER_APPICON_NAME = AppIcon;
				ASSETCATALOG_COMPILER_GLOBAL_ACCENT_COLOR_NAME = AccentColor;
				CODE_SIGN_STYLE = Automatic;
				CURRENT_PROJECT_VERSION = 1;
				GENERATE_INFOPLIST_FILE = YES;
				INFOPLIST_FILE = Breadfast_posts/Info.plist;
				INFOPLIST_KEY_UIApplicationSupportsIndirectInputEvents = YES;
				INFOPLIST_KEY_UILaunchStoryboardName = LaunchScreen;
				INFOPLIST_KEY_UIMainStoryboardFile = Main;
				INFOPLIST_KEY_UISupportedInterfaceOrientations = UIInterfaceOrientationPortrait;
				INFOPLIST_KEY_UISupportedInterfaceOrientations_iPad = "UIInterfaceOrientationLandscapeLeft UIInterfaceOrientationLandscapeRight UIInterfaceOrientationPortrait UIInterfaceOrientationPortraitUpsideDown";
				IPHONEOS_DEPLOYMENT_TARGET = 16.0;
				LD_RUNPATH_SEARCH_PATHS = (
					"$(inherited)",
					"@executable_path/Frameworks",
				);
				MARKETING_VERSION = 1.0;
				PRODUCT_BUNDLE_IDENTIFIER = "anddrrek.Breadfast-posts";
				PRODUCT_NAME = "$(TARGET_NAME)";
				SUPPORTED_PLATFORMS = "iphoneos iphonesimulator";
				SUPPORTS_MACCATALYST = NO;
				SUPPORTS_MAC_DESIGNED_FOR_IPHONE_IPAD = NO;
				SWIFT_EMIT_LOC_STRINGS = YES;
				SWIFT_VERSION = 5.0;
				TARGETED_DEVICE_FAMILY = 1;
			};
			name = Debug;
		};
		5511B24129AF5F04000B4B13 /* Release */ = {
			isa = XCBuildConfiguration;
			buildSettings = {
				ASSETCATALOG_COMPILER_APPICON_NAME = AppIcon;
				ASSETCATALOG_COMPILER_GLOBAL_ACCENT_COLOR_NAME = AccentColor;
				CODE_SIGN_STYLE = Automatic;
				CURRENT_PROJECT_VERSION = 1;
				GENERATE_INFOPLIST_FILE = YES;
				INFOPLIST_FILE = Breadfast_posts/Info.plist;
				INFOPLIST_KEY_UIApplicationSupportsIndirectInputEvents = YES;
				INFOPLIST_KEY_UILaunchStoryboardName = LaunchScreen;
				INFOPLIST_KEY_UIMainStoryboardFile = Main;
				INFOPLIST_KEY_UISupportedInterfaceOrientations = UIInterfaceOrientationPortrait;
				INFOPLIST_KEY_UISupportedInterfaceOrientations_iPad = "UIInterfaceOrientationLandscapeLeft UIInterfaceOrientationLandscapeRight UIInterfaceOrientationPortrait UIInterfaceOrientationPortraitUpsideDown";
				IPHONEOS_DEPLOYMENT_TARGET = 16.0;
				LD_RUNPATH_SEARCH_PATHS = (
					"$(inherited)",
					"@executable_path/Frameworks",
				);
				MARKETING_VERSION = 1.0;
				PRODUCT_BUNDLE_IDENTIFIER = "anddrrek.Breadfast-posts";
				PRODUCT_NAME = "$(TARGET_NAME)";
				SUPPORTED_PLATFORMS = "iphoneos iphonesimulator";
				SUPPORTS_MACCATALYST = NO;
				SUPPORTS_MAC_DESIGNED_FOR_IPHONE_IPAD = NO;
				SWIFT_EMIT_LOC_STRINGS = YES;
				SWIFT_VERSION = 5.0;
				TARGETED_DEVICE_FAMILY = 1;
			};
			name = Release;
		};
		5511B24329AF5F04000B4B13 /* Debug */ = {
			isa = XCBuildConfiguration;
			buildSettings = {
				ALWAYS_EMBED_SWIFT_STANDARD_LIBRARIES = YES;
				BUNDLE_LOADER = "$(TEST_HOST)";
				CODE_SIGN_STYLE = Automatic;
				CURRENT_PROJECT_VERSION = 1;
				GENERATE_INFOPLIST_FILE = YES;
				IPHONEOS_DEPLOYMENT_TARGET = 16.2;
				MARKETING_VERSION = 1.0;
				PRODUCT_BUNDLE_IDENTIFIER = "anddrrek.Breadfast-postsTests";
				PRODUCT_NAME = "$(TARGET_NAME)";
				SWIFT_EMIT_LOC_STRINGS = NO;
				SWIFT_VERSION = 5.0;
				TARGETED_DEVICE_FAMILY = "1,2";
				TEST_HOST = "$(BUILT_PRODUCTS_DIR)/Breadfast_posts.app/$(BUNDLE_EXECUTABLE_FOLDER_PATH)/Breadfast_posts";
			};
			name = Debug;
		};
		5511B24429AF5F04000B4B13 /* Release */ = {
			isa = XCBuildConfiguration;
			buildSettings = {
				ALWAYS_EMBED_SWIFT_STANDARD_LIBRARIES = YES;
				BUNDLE_LOADER = "$(TEST_HOST)";
				CODE_SIGN_STYLE = Automatic;
				CURRENT_PROJECT_VERSION = 1;
				GENERATE_INFOPLIST_FILE = YES;
				IPHONEOS_DEPLOYMENT_TARGET = 16.2;
				MARKETING_VERSION = 1.0;
				PRODUCT_BUNDLE_IDENTIFIER = "anddrrek.Breadfast-postsTests";
				PRODUCT_NAME = "$(TARGET_NAME)";
				SWIFT_EMIT_LOC_STRINGS = NO;
				SWIFT_VERSION = 5.0;
				TARGETED_DEVICE_FAMILY = "1,2";
				TEST_HOST = "$(BUILT_PRODUCTS_DIR)/Breadfast_posts.app/$(BUNDLE_EXECUTABLE_FOLDER_PATH)/Breadfast_posts";
			};
			name = Release;
		};
		5511B24629AF5F04000B4B13 /* Debug */ = {
			isa = XCBuildConfiguration;
			buildSettings = {
				ALWAYS_EMBED_SWIFT_STANDARD_LIBRARIES = YES;
				CODE_SIGN_STYLE = Automatic;
				CURRENT_PROJECT_VERSION = 1;
				GENERATE_INFOPLIST_FILE = YES;
				MARKETING_VERSION = 1.0;
				PRODUCT_BUNDLE_IDENTIFIER = "anddrrek.Breadfast-postsUITests";
				PRODUCT_NAME = "$(TARGET_NAME)";
				SWIFT_EMIT_LOC_STRINGS = NO;
				SWIFT_VERSION = 5.0;
				TARGETED_DEVICE_FAMILY = "1,2";
				TEST_TARGET_NAME = Breadfast_posts;
			};
			name = Debug;
		};
		5511B24729AF5F04000B4B13 /* Release */ = {
			isa = XCBuildConfiguration;
			buildSettings = {
				ALWAYS_EMBED_SWIFT_STANDARD_LIBRARIES = YES;
				CODE_SIGN_STYLE = Automatic;
				CURRENT_PROJECT_VERSION = 1;
				GENERATE_INFOPLIST_FILE = YES;
				MARKETING_VERSION = 1.0;
				PRODUCT_BUNDLE_IDENTIFIER = "anddrrek.Breadfast-postsUITests";
				PRODUCT_NAME = "$(TARGET_NAME)";
				SWIFT_EMIT_LOC_STRINGS = NO;
				SWIFT_VERSION = 5.0;
				TARGETED_DEVICE_FAMILY = "1,2";
				TEST_TARGET_NAME = Breadfast_posts;
			};
			name = Release;
		};
/* End XCBuildConfiguration section */

/* Begin XCConfigurationList section */
		5511B21029AF5F02000B4B13 /* Build configuration list for PBXProject "Breadfast_posts" */ = {
			isa = XCConfigurationList;
			buildConfigurations = (
				5511B23D29AF5F04000B4B13 /* Debug */,
				5511B23E29AF5F04000B4B13 /* Release */,
			);
			defaultConfigurationIsVisible = 0;
			defaultConfigurationName = Release;
		};
		5511B23F29AF5F04000B4B13 /* Build configuration list for PBXNativeTarget "Breadfast_posts" */ = {
			isa = XCConfigurationList;
			buildConfigurations = (
				5511B24029AF5F04000B4B13 /* Debug */,
				5511B24129AF5F04000B4B13 /* Release */,
			);
			defaultConfigurationIsVisible = 0;
			defaultConfigurationName = Release;
		};
		5511B24229AF5F04000B4B13 /* Build configuration list for PBXNativeTarget "Breadfast_postsTests" */ = {
			isa = XCConfigurationList;
			buildConfigurations = (
				5511B24329AF5F04000B4B13 /* Debug */,
				5511B24429AF5F04000B4B13 /* Release */,
			);
			defaultConfigurationIsVisible = 0;
			defaultConfigurationName = Release;
		};
		5511B24529AF5F04000B4B13 /* Build configuration list for PBXNativeTarget "Breadfast_postsUITests" */ = {
			isa = XCConfigurationList;
			buildConfigurations = (
				5511B24629AF5F04000B4B13 /* Debug */,
				5511B24729AF5F04000B4B13 /* Release */,
			);
			defaultConfigurationIsVisible = 0;
			defaultConfigurationName = Release;
		};
/* End XCConfigurationList section */

/* Begin XCSwiftPackageProductDependency section */
		554679C129AF615E001AFF98 /* ArchitectureComponents */ = {
			isa = XCSwiftPackageProductDependency;
			productName = ArchitectureComponents;
		};
		554679C329AF615E001AFF98 /* Extensions */ = {
			isa = XCSwiftPackageProductDependency;
			productName = Extensions;
		};
		554679C629AF61DD001AFF98 /* DataLayer */ = {
			isa = XCSwiftPackageProductDependency;
			productName = DataLayer;
		};
/* End XCSwiftPackageProductDependency section */
	};
	rootObject = 5511B20D29AF5F02000B4B13 /* Project object */;
}
